
Microsoft Visual Studio Solution File, Format Version 12.00
# Visual Studio Version 16
VisualStudioVersion = 16.0.31702.278
MinimumVisualStudioVersion = 10.0.40219.1
Project("{FAE04EC0-301F-11D3-BF4B-00C04F79EFBC}") = "MonsterCardGame", "MonsterCardGame\MonsterCardGame.csproj", "{6FEC662A-AF02-417D-B79C-E5892472EA97}"
EndProject
Project("{FAE04EC0-301F-11D3-BF4B-00C04F79EFBC}") = "MCGUnitTest", "MCGUnitTest\MCGUnitTest.csproj", "{896285B1-0229-4496-9622-CDEB4152A5CA}"
EndProject
Global
	GlobalSection(SolutionConfigurationPlatforms) = preSolution
		Debug|Any CPU = Debug|Any CPU
		Release|Any CPU = Release|Any CPU
	EndGlobalSection
	GlobalSection(ProjectConfigurationPlatforms) = postSolution
		{6FEC662A-AF02-417D-B79C-E5892472EA97}.Debug|Any CPU.ActiveCfg = Debug|Any CPU
		{6FEC662A-AF02-417D-B79C-E5892472EA97}.Debug|Any CPU.Build.0 = Debug|Any CPU
		{6FEC662A-AF02-417D-B79C-E5892472EA97}.Release|Any CPU.ActiveCfg = Release|Any CPU
		{6FEC662A-AF02-417D-B79C-E5892472EA97}.Release|Any CPU.Build.0 = Release|Any CPU
		{896285B1-0229-4496-9622-CDEB4152A5CA}.Debug|Any CPU.ActiveCfg = Debug|Any CPU
		{896285B1-0229-4496-9622-CDEB4152A5CA}.Debug|Any CPU.Build.0 = Debug|Any CPU
		{896285B1-0229-4496-9622-CDEB4152A5CA}.Release|Any CPU.ActiveCfg = Release|Any CPU
		{896285B1-0229-4496-9622-CDEB4152A5CA}.Release|Any CPU.Build.0 = Release|Any CPU
	EndGlobalSection
	GlobalSection(SolutionProperties) = preSolution
		HideSolutionNode = FALSE
	EndGlobalSection
	GlobalSection(ExtensibilityGlobals) = postSolution
		SolutionGuid = {5770F2B0-264F-4C70-8C8A-C8992D7DDB32}
	EndGlobalSection
EndGlobal
